<Solution>
  <Project Path="GameAssembly.csproj" />
  <Project Path="Assembly-CSharp.csproj" />
  <Project Path="Assembly-CSharp-Editor.csproj" />
  <Project Path="QuickOutline.csproj" />
  <Project Path="WarFX.csproj" />
  <Project Path="PlayModeTests.csproj" />
  <Project Path="EditModeTests.csproj" />
</Solution>
